
Microsoft Visual Studio Solution File, Format Version 12.00
# Visual Studio Version 17
VisualStudioVersion = 17.11.35312.102
MinimumVisualStudioVersion = 10.0.40219.1
Project("{FAE04EC0-301F-11D3-BF4B-00C04F79EFBC}") = "Catalog", "Catalog.csproj", "{B2807E6D-E493-4FDC-8DF2-03FAEC4EF2CE}"
EndProject
Global
	GlobalSection(SolutionConfigurationPlatforms) = preSolution
		Debug|Any CPU = Debug|Any CPU
		Release|Any CPU = Release|Any CPU
	EndGlobalSection
	GlobalSection(ProjectConfigurationPlatforms) = postSolution
		{B2807E6D-E493-4FDC-8DF2-03FAEC4EF2CE}.Debug|Any CPU.ActiveCfg = Debug|Any CPU
		{B2807E6D-E493-4FDC-8DF2-03FAEC4EF2CE}.Debug|Any CPU.Build.0 = Debug|Any CPU
		{B2807E6D-E493-4FDC-8DF2-03FAEC4EF2CE}.Release|Any CPU.ActiveCfg = Release|Any CPU
		{B2807E6D-E493-4FDC-8DF2-03FAEC4EF2CE}.Release|Any CPU.Build.0 = Release|Any CPU
	EndGlobalSection
	GlobalSection(SolutionProperties) = preSolution
		HideSolutionNode = FALSE
	EndGlobalSection
	GlobalSection(ExtensibilityGlobals) = postSolution
		SolutionGuid = {5AE23451-25A6-4DCD-AD55-EEEE140DB7D3}
	EndGlobalSection
EndGlobal
